Microsoft Visual Studio Solution File, Format Version 12.00
# Visual Studio 15
VisualStudioVersion = 15.0.27703.2000
MinimumVisualStudioVersion = 10.0.40219.1
Project("{8BC9CEB8-8B4A-11D0-8D11-00A0C91BC942}") = "STLThumbWinShellExtension", "STLThumbWinShellExtension\STLThumbWinShellExtension.vcxproj", "{E4FE66E1-165E-490D-A8AA-1C74BC7E7FA3}"
EndProject
Project("{930C7802-8A8C-48F9-8165-68863BCCD9DD}") = "STLThumbInstaller", "STLThumbInstaller\STLThumbInstaller.wixproj", "{517A2D82-F15E-4903-847C-06BB23CF57E8}"
EndProject
Project("{930C7802-8A8C-48F9-8165-68863BCCD9DD}") = "STLThumbSetupBundle", "STLThumbSetupBundle\STLThumbSetupBundle.wixproj", "{86D4C1A7-9C64-4325-A344-E3D53FA617F6}"
EndProject
Global
	GlobalSection(SolutionConfigurationPlatforms) = preSolution
		Debug|Win32 = Debug|Win32
		Debug|x64 = Debug|x64
		Release|Win32 = Release|Win32
		Release|x64 = Release|x64
	EndGlobalSection
	GlobalSection(ProjectConfigurationPlatforms) = postSolution
		{E4FE66E1-165E-490D-A8AA-1C74BC7E7FA3}.Debug|Win32.ActiveCfg = Debug|x64
		{E4FE66E1-165E-490D-A8AA-1C74BC7E7FA3}.Debug|Win32.Build.0 = Debug|x64
		{E4FE66E1-165E-490D-A8AA-1C74BC7E7FA3}.Debug|x64.ActiveCfg = Debug|x64
		{E4FE66E1-165E-490D-A8AA-1C74BC7E7FA3}.Debug|x64.Build.0 = Debug|x64
		{E4FE66E1-165E-490D-A8AA-1C74BC7E7FA3}.Release|Win32.ActiveCfg = Release|Win32
		{E4FE66E1-165E-490D-A8AA-1C74BC7E7FA3}.Release|Win32.Build.0 = Release|Win32
		{E4FE66E1-165E-490D-A8AA-1C74BC7E7FA3}.Release|x64.ActiveCfg = Release|x64
		{E4FE66E1-165E-490D-A8AA-1C74BC7E7FA3}.Release|x64.Build.0 = Release|x64
		{517A2D82-F15E-4903-847C-06BB23CF57E8}.Debug|Win32.ActiveCfg = Debug|x86
		{517A2D82-F15E-4903-847C-06BB23CF57E8}.Debug|Win32.Build.0 = Debug|x86
		{517A2D82-F15E-4903-847C-06BB23CF57E8}.Debug|x64.ActiveCfg = Debug|x86
		{517A2D82-F15E-4903-847C-06BB23CF57E8}.Release|Win32.ActiveCfg = Release|x86
		{517A2D82-F15E-4903-847C-06BB23CF57E8}.Release|Win32.Build.0 = Release|x86
		{517A2D82-F15E-4903-847C-06BB23CF57E8}.Release|x64.ActiveCfg = Release|x86
		{517A2D82-F15E-4903-847C-06BB23CF57E8}.Release|x64.Build.0 = Release|x86
		{86D4C1A7-9C64-4325-A344-E3D53FA617F6}.Debug|Win32.ActiveCfg = Debug|x86
		{86D4C1A7-9C64-4325-A344-E3D53FA617F6}.Debug|Win32.Build.0 = Debug|x86
		{86D4C1A7-9C64-4325-A344-E3D53FA617F6}.Debug|x64.ActiveCfg = Debug|x86
		{86D4C1A7-9C64-4325-A344-E3D53FA617F6}.Release|Win32.ActiveCfg = Release|x86
		{86D4C1A7-9C64-4325-A344-E3D53FA617F6}.Release|Win32.Build.0 = Release|x86
		{86D4C1A7-9C64-4325-A344-E3D53FA617F6}.Release|x64.ActiveCfg = Release|x86
		{86D4C1A7-9C64-4325-A344-E3D53FA617F6}.Release|x64.Build.0 = Release|x86
	EndGlobalSection
	GlobalSection(SolutionProperties) = preSolution
		HideSolutionNode = FALSE
	EndGlobalSection
	GlobalSection(ExtensibilityGlobals) = postSolution
		SolutionGuid = {258014EE-F1EE-44DA-9D69-B2882885BC75}
	EndGlobalSection
EndGlobal
